
Microsoft Visual Studio Solution File, Format Version 12.00
# Visual Studio Version 17
VisualStudioVersion = 17.8.34525.116
MinimumVisualStudioVersion = 10.0.40219.1
Project("{888888A0-9F3D-457C-B088-3A5042F75D52}") = "Udemy_PythonGame", "Udemy_PythonGame\Udemy_PythonGame.pyproj", "{DA7EA012-9018-4B6B-AAE7-9888CF56CE80}"
EndProject
Global
	GlobalSection(SolutionConfigurationPlatforms) = preSolution
		Debug|Any CPU = Debug|Any CPU
		Release|Any CPU = Release|Any CPU
	EndGlobalSection
	GlobalSection(ProjectConfigurationPlatforms) = postSolution
		{DA7EA012-9018-4B6B-AAE7-9888CF56CE80}.Debug|Any CPU.ActiveCfg = Debug|Any CPU
		{DA7EA012-9018-4B6B-AAE7-9888CF56CE80}.Release|Any CPU.ActiveCfg = Release|Any CPU
	EndGlobalSection
	GlobalSection(SolutionProperties) = preSolution
		HideSolutionNode = FALSE
	EndGlobalSection
	GlobalSection(ExtensibilityGlobals) = postSolution
		SolutionGuid = {033C5700-F73B-4EC9-83DA-A9CBDC41FFDF}
	EndGlobalSection
EndGlobal
